// !$*UTF8*$!
{
	archiveVersion = 1;
	classes = {
	};
	objectVersion = 56;
	objects = {

/* Begin PBXBuildFile section */
		BD2548AD2C2B576600DCCAAF /* inputPage.swift in Sources */ = {isa = PBXBuildFile; fileRef = BD2548AC2C2B576600DCCAAF /* inputPage.swift */; };
		BD2548AF2C2B5E9E00DCCAAF /* NewPage.swift in Sources */ = {isa = PBXBuildFile; fileRef = BD2548AE2C2B5E9E00DCCAAF /* NewPage.swift */; };
		BD2548B12C2B62A600DCCAAF /* Lists.swift in Sources */ = {isa = PBXBuildFile; fileRef = BD2548B02C2B62A600DCCAAF /* Lists.swift */; };
		BD60C1322C2A0AC9000F53CC /* WEAtheRApp.swift in Sources */ = {isa = PBXBuildFile; fileRef = BD60C1312C2A0AC9000F53CC /* WEAtheRApp.swift */; };
		BD60C1342C2A0AC9000F53CC /* ContentView.swift in Sources */ = {isa = PBXBuildFile; fileRef = BD60C1332C2A0AC9000F53CC /* ContentView.swift */; };
		BD60C1362C2A0AD6000F53CC /* Assets.xcassets in Resources */ = {isa = PBXBuildFile; fileRef = BD60C1352C2A0AD6000F53CC /* Assets.xcassets */; };
		BD60C1392C2A0AD6000F53CC /* Preview Assets.xcassets in Resources */ = {isa = PBXBuildFile; fileRef = BD60C1382C2A0AD6000F53CC /* Preview Assets.xcassets */; };
		BDB081D12C2CBFC20032B947 /* LocationViewModel.swift in Sources */ = {isa = PBXBuildFile; fileRef = BDB081D02C2CBFC20032B947 /* LocationViewModel.swift */; };
		BDB081D32C2CBFCB0032B947 /* LocationManager.swift in Sources */ = {isa = PBXBuildFile; fileRef = BDB081D22C2CBFCB0032B947 /* LocationManager.swift */; };
		BDB081D52C2CBFD60032B947 /* WeatherService.swift in Sources */ = {isa = PBXBuildFile; fileRef = BDB081D42C2CBFD60032B947 /* WeatherService.swift */; };
		BDB081D72C2CBFF80032B947 /* DailyView.swift in Sources */ = {isa = PBXBuildFile; fileRef = BDB081D62C2CBFF80032B947 /* DailyView.swift */; };
/* End PBXBuildFile section */

/* Begin PBXFileReference section */
		BD2548AC2C2B576600DCCAAF /* inputPage.swift */ = {isa = PBXFileReference; lastKnownFileType = sourcecode.swift; path = inputPage.swift; sourceTree = "<group>"; };
		BD2548AE2C2B5E9E00DCCAAF /* NewPage.swift */ = {isa = PBXFileReference; lastKnownFileType = sourcecode.swift; path = NewPage.swift; sourceTree = SOURCE_ROOT; };
		BD2548B02C2B62A600DCCAAF /* Lists.swift */ = {isa = PBXFileReference; lastKnownFileType = sourcecode.swift; path = Lists.swift; sourceTree = "<group>"; };
		BD60C12E2C2A0AC9000F53CC /* WEAtheR.app */ = {isa = PBXFileReference; explicitFileType = wrapper.application; includeInIndex = 0; path = WEAtheR.app; sourceTree = BUILT_PRODUCTS_DIR; };
		BD60C1312C2A0AC9000F53CC /* WEAtheRApp.swift */ = {isa = PBXFileReference; lastKnownFileType = sourcecode.swift; path = WEAtheRApp.swift; sourceTree = "<group>"; };
		BD60C1332C2A0AC9000F53CC /* ContentView.swift */ = {isa = PBXFileReference; lastKnownFileType = sourcecode.swift; path = ContentView.swift; sourceTree = "<group>"; };
		BD60C1352C2A0AD6000F53CC /* Assets.xcassets */ = {isa = PBXFileReference; lastKnownFileType = folder.assetcatalog; path = Assets.xcassets; sourceTree = "<group>"; };
		BD60C1382C2A0AD6000F53CC /* Preview Assets.xcassets */ = {isa = PBXFileReference; lastKnownFileType = folder.assetcatalog; path = "Preview Assets.xcassets"; sourceTree = "<group>"; };
		BDB081D02C2CBFC20032B947 /* LocationViewModel.swift */ = {isa = PBXFileReference; lastKnownFileType = sourcecode.swift; path = LocationViewModel.swift; sourceTree = "<group>"; };
		BDB081D22C2CBFCB0032B947 /* LocationManager.swift */ = {isa = PBXFileReference; lastKnownFileType = sourcecode.swift; path = LocationManager.swift; sourceTree = "<group>"; };
		BDB081D42C2CBFD60032B947 /* WeatherService.swift */ = {isa = PBXFileReference; lastKnownFileType = sourcecode.swift; path = WeatherService.swift; sourceTree = "<group>"; };
		BDB081D62C2CBFF80032B947 /* DailyView.swift */ = {isa = PBXFileReference; lastKnownFileType = sourcecode.swift; path = DailyView.swift; sourceTree = "<group>"; };
/* End PBXFileReference section */

/* Begin PBXFrameworksBuildPhase section */
		BD60C12B2C2A0AC9000F53CC /* Frameworks */ = {
			isa = PBXFrameworksBuildPhase;
			buildActionMask = 2147483647;
			files = (
			);
			runOnlyForDeploymentPostprocessing = 0;
		};
/* End PBXFrameworksBuildPhase section */

/* Begin PBXGroup section */
		BD60C1252C2A0AC9000F53CC = {
			isa = PBXGroup;
			children = (
				BD60C1302C2A0AC9000F53CC /* WEAtheR */,
				BD60C12F2C2A0AC9000F53CC /* Products */,
			);
			sourceTree = "<group>";
		};
		BD60C12F2C2A0AC9000F53CC /* Products */ = {
			isa = PBXGroup;
			children = (
				BD60C12E2C2A0AC9000F53CC /* WEAtheR.app */,
			);
			name = Products;
			sourceTree = "<group>";
		};
		BD60C1302C2A0AC9000F53CC /* WEAtheR */ = {
			isa = PBXGroup;
			children = (
				BD60C1312C2A0AC9000F53CC /* WEAtheRApp.swift */,
				BDB081D02C2CBFC20032B947 /* LocationViewModel.swift */,
				BDB081D22C2CBFCB0032B947 /* LocationManager.swift */,
				BDB081D42C2CBFD60032B947 /* WeatherService.swift */,
				BDB081D62C2CBFF80032B947 /* DailyView.swift */,
				BD60C1332C2A0AC9000F53CC /* ContentView.swift */,
				BD2548AC2C2B576600DCCAAF /* inputPage.swift */,
				BD2548AE2C2B5E9E00DCCAAF /* NewPage.swift */,
				BD2548B02C2B62A600DCCAAF /* Lists.swift */,
				BD60C1352C2A0AD6000F53CC /* Assets.xcassets */,
				BD60C1372C2A0AD6000F53CC /* Preview Content */,
			);
			path = WEAtheR;
			sourceTree = "<group>";
		};
		BD60C1372C2A0AD6000F53CC /* Preview Content */ = {
			isa = PBXGroup;
			children = (
				BD60C1382C2A0AD6000F53CC /* Preview Assets.xcassets */,
			);
			path = "Preview Content";
			sourceTree = "<group>";
		};
/* End PBXGroup section */

/* Begin PBXNativeTarget section */
		BD60C12D2C2A0AC9000F53CC /* WEAtheR */ = {
			isa = PBXNativeTarget;
			buildConfigurationList = BD60C13C2C2A0AD6000F53CC /* Build configuration list for PBXNativeTarget "WEAtheR" */;
			buildPhases = (
				BD60C12A2C2A0AC9000F53CC /* Sources */,
				BD60C12B2C2A0AC9000F53CC /* Frameworks */,
				BD60C12C2C2A0AC9000F53CC /* Resources */,
			);
			buildRules = (
			);
			dependencies = (
			);
			name = WEAtheR;
			productName = WEAtheR;
			productReference = BD60C12E2C2A0AC9000F53CC /* WEAtheR.app */;
			productType = "com.apple.product-type.application";
		};
/* End PBXNativeTarget section */

/* Begin PBXProject section */
		BD60C1262C2A0AC9000F53CC /* Project object */ = {
			isa = PBXProject;
			attributes = {
				BuildIndependentTargetsInParallel = 1;
				LastSwiftUpdateCheck = 1540;
				LastUpgradeCheck = 1540;
				TargetAttributes = {
					BD60C12D2C2A0AC9000F53CC = {
						CreatedOnToolsVersion = 15.4;
					};
				};
			};
			buildConfigurationList = BD60C1292C2A0AC9000F53CC /* Build configuration list for PBXProject "WEAtheR" */;
			compatibilityVersion = "Xcode 14.0";
			developmentRegion = en;
			hasScannedForEncodings = 0;
			knownRegions = (
				en,
				Base,
			);
			mainGroup = BD60C1252C2A0AC9000F53CC;
			productRefGroup = BD60C12F2C2A0AC9000F53CC /* Products */;
			projectDirPath = "";
			projectRoot = "";
			targets = (
				BD60C12D2C2A0AC9000F53CC /* WEAtheR */,
			);
		};
/* End PBXProject section */

/* Begin PBXResourcesBuildPhase section */
		BD60C12C2C2A0AC9000F53CC /* Resources */ = {
			isa = PBXResourcesBuildPhase;
			buildActionMask = 2147483647;
			files = (
				BD60C1392C2A0AD6000F53CC /* Preview Assets.xcassets in Resources */,
				BD60C1362C2A0AD6000F53CC /* Assets.xcassets in Resources */,
			);
			runOnlyForDeploymentPostprocessing = 0;
		};
/* End PBXResourcesBuildPhase section */

/* Begin PBXSourcesBuildPhase section */
		BD60C12A2C2A0AC9000F53CC /* Sources */ = {
			isa = PBXSourcesBuildPhase;
			buildActionMask = 2147483647;
			files = (
				BDB081D72C2CBFF80032B947 /* DailyView.swift in Sources */,
				BDB081D52C2CBFD60032B947 /* WeatherService.swift in Sources */,
				BD60C1342C2A0AC9000F53CC /* ContentView.swift in Sources */,
				BDB081D12C2CBFC20032B947 /* LocationViewModel.swift in Sources */,
				BD2548B12C2B62A600DCCAAF /* Lists.swift in Sources */,
				BDB081D32C2CBFCB0032B947 /* LocationManager.swift in Sources */,
				BD2548AD2C2B576600DCCAAF /* inputPage.swift in Sources */,
				BD60C1322C2A0AC9000F53CC /* WEAtheRApp.swift in Sources */,
				BD2548AF2C2B5E9E00DCCAAF /* NewPage.swift in Sources */,
			);
			runOnlyForDeploymentPostprocessing = 0;
		};
/* End PBXSourcesBuildPhase section */

/* Begin XCBuildConfiguration section */
		BD60C13A2C2A0AD6000F53CC /* Debug */ = {
			isa = XCBuildConfiguration;
			buildSettings = {
				ALWAYS_SEARCH_USER_PATHS = NO;
				ASSETCATALOG_COMPILER_GENERATE_SWIFT_ASSET_SYMBOL_EXTENSIONS = YES;
				CLANG_ANALYZER_NONNULL = YES;
				CLANG_ANALYZER_NUMBER_OBJECT_CONVERSION = YES_AGGRESSIVE;
				CLANG_CXX_LANGUAGE_STANDARD = "gnu++20";
				CLANG_ENABLE_MODULES = YES;
				CLANG_ENABLE_OBJC_ARC = YES;
				CLANG_ENABLE_OBJC_WEAK = YES;
				CLANG_WARN_BLOCK_CAPTURE_AUTORELEASING = YES;
				CLANG_WARN_BOOL_CONVERSION = YES;
				CLANG_WARN_COMMA = YES;
				CLANG_WARN_CONSTANT_CONVERSION = YES;
				CLANG_WARN_DEPRECATED_OBJC_IMPLEMENTATIONS = YES;
				CLANG_WARN_DIRECT_OBJC_ISA_USAGE = YES_ERROR;
				CLANG_WARN_DOCUMENTATION_COMMENTS = YES;
				CLANG_WARN_EMPTY_BODY = YES;
				CLANG_WARN_ENUM_CONVERSION = YES;
				CLANG_WARN_INFINITE_RECURSION = YES;
				CLANG_WARN_INT_CONVERSION = YES;
				CLANG_WARN_NON_LITERAL_NULL_CONVERSION = YES;
				CLANG_WARN_OBJC_IMPLICIT_RETAIN_SELF = YES;
				CLANG_WARN_OBJC_LITERAL_CONVERSION = YES;
				CLANG_WARN_OBJC_ROOT_CLASS = YES_ERROR;
				CLANG_WARN_QUOTED_INCLUDE_IN_FRAMEWORK_HEADER = YES;
				CLANG_WARN_RANGE_LOOP_ANALYSIS = YES;
				CLANG_WARN_STRICT_PROTOTYPES = YES;
				CLANG_WARN_SUSPICIOUS_MOVE = YES;
				CLANG_WARN_UNGUARDED_AVAILABILITY = YES_AGGRESSIVE;
				CLANG_WARN_UNREACHABLE_CODE = YES;
				CLANG_WARN__DUPLICATE_METHOD_MATCH = YES;
				COPY_PHASE_STRIP = NO;
				DEBUG_INFORMATION_FORMAT = dwarf;
				ENABLE_STRICT_OBJC_MSGSEND = YES;
				ENABLE_TESTABILITY = YES;
				ENABLE_USER_SCRIPT_SANDBOXING = YES;
				GCC_C_LANGUAGE_STANDARD = gnu17;
				GCC_DYNAMIC_NO_PIC = NO;
				GCC_NO_COMMON_BLOCKS = YES;
				GCC_OPTIMIZATION_LEVEL = 0;
				GCC_PREPROCESSOR_DEFINITIONS = (
					"DEBUG=1",
					"$(inherited)",
				);
				GCC_WARN_64_TO_32_BIT_CONVERSION = YES;
				GCC_WARN_ABOUT_RETURN_TYPE = YES_ERROR;
				GCC_WARN_UNDECLARED_SELECTOR = YES;
				GCC_WARN_UNINITIALIZED_AUTOS = YES_AGGRESSIVE;
				GCC_WARN_UNUSED_FUNCTION = YES;
				GCC_WARN_UNUSED_VARIABLE = YES;
				IPHONEOS_DEPLOYMENT_TARGET = 17.5;
				LOCALIZATION_PREFERS_STRING_CATALOGS = YES;
				MTL_ENABLE_DEBUG_INFO = INCLUDE_SOURCE;
				MTL_FAST_MATH = YES;
				ONLY_ACTIVE_ARCH = YES;
				SDKROOT = iphoneos;
				SWIFT_ACTIVE_COMPILATION_CONDITIONS = "DEBUG $(inherited)";
				SWIFT_OPTIMIZATION_LEVEL = "-Onone";
			};
			name = Debug;
		};
		BD60C13B2C2A0AD6000F53CC /* Release */ = {
			isa = XCBuildConfiguration;
			buildSettings = {
				ALWAYS_SEARCH_USER_PATHS = NO;
				ASSETCATALOG_COMPILER_GENERATE_SWIFT_ASSET_SYMBOL_EXTENSIONS = YES;
				CLANG_ANALYZER_NONNULL = YES;
				CLANG_ANALYZER_NUMBER_OBJECT_CONVERSION = YES_AGGRESSIVE;
				CLANG_CXX_LANGUAGE_STANDARD = "gnu++20";
				CLANG_ENABLE_MODULES = YES;
				CLANG_ENABLE_OBJC_ARC = YES;
				CLANG_ENABLE_OBJC_WEAK = YES;
				CLANG_WARN_BLOCK_CAPTURE_AUTORELEASING = YES;
				CLANG_WARN_BOOL_CONVERSION = YES;
				CLANG_WARN_COMMA = YES;
				CLANG_WARN_CONSTANT_CONVERSION = YES;
				CLANG_WARN_DEPRECATED_OBJC_IMPLEMENTATIONS = YES;
				CLANG_WARN_DIRECT_OBJC_ISA_USAGE = YES_ERROR;
				CLANG_WARN_DOCUMENTATION_COMMENTS = YES;
				CLANG_WARN_EMPTY_BODY = YES;
				CLANG_WARN_ENUM_CONVERSION = YES;
				CLANG_WARN_INFINITE_RECURSION = YES;
				CLANG_WARN_INT_CONVERSION = YES;
				CLANG_WARN_NON_LITERAL_NULL_CONVERSION = YES;
				CLANG_WARN_OBJC_IMPLICIT_RETAIN_SELF = YES;
				CLANG_WARN_OBJC_LITERAL_CONVERSION = YES;
				CLANG_WARN_OBJC_ROOT_CLASS = YES_ERROR;
				CLANG_WARN_QUOTED_INCLUDE_IN_FRAMEWORK_HEADER = YES;
				CLANG_WARN_RANGE_LOOP_ANALYSIS = YES;
				CLANG_WARN_STRICT_PROTOTYPES = YES;
				CLANG_WARN_SUSPICIOUS_MOVE = YES;
				CLANG_WARN_UNGUARDED_AVAILABILITY = YES_AGGRESSIVE;
				CLANG_WARN_UNREACHABLE_CODE = YES;
				CLANG_WARN__DUPLICATE_METHOD_MATCH = YES;
				COPY_PHASE_STRIP = NO;
				DEBUG_INFORMATION_FORMAT = "dwarf-with-dsym";
				ENABLE_NS_ASSERTIONS = NO;
				ENABLE_STRICT_OBJC_MSGSEND = YES;
				ENABLE_USER_SCRIPT_SANDBOXING = YES;
				GCC_C_LANGUAGE_STANDARD = gnu17;
				GCC_NO_COMMON_BLOCKS = YES;
				GCC_WARN_64_TO_32_BIT_CONVERSION = YES;
				GCC_WARN_ABOUT_RETURN_TYPE = YES_ERROR;
				GCC_WARN_UNDECLARED_SELECTOR = YES;
				GCC_WARN_UNINITIALIZED_AUTOS = YES_AGGRESSIVE;
				GCC_WARN_UNUSED_FUNCTION = YES;
				GCC_WARN_UNUSED_VARIABLE = YES;
				IPHONEOS_DEPLOYMENT_TARGET = 17.5;
				LOCALIZATION_PREFERS_STRING_CATALOGS = YES;
				MTL_ENABLE_DEBUG_INFO = NO;
				MTL_FAST_MATH = YES;
				SDKROOT = iphoneos;
				SWIFT_COMPILATION_MODE = wholemodule;
				VALIDATE_PRODUCT = YES;
			};
			name = Release;
		};
		BD60C13D2C2A0AD6000F53CC /* Debug */ = {
			isa = XCBuildConfiguration;
			buildSettings = {
				ASSETCATALOG_COMPILER_APPICON_NAME = AppIcon;
				ASSETCATALOG_COMPILER_GLOBAL_ACCENT_COLOR_NAME = AccentColor;
				CODE_SIGN_STYLE = Automatic;
				CURRENT_PROJECT_VERSION = 1;
				DEVELOPMENT_ASSET_PATHS = "\"WEAtheR/Preview Content\"";
				ENABLE_PREVIEWS = YES;
				GENERATE_INFOPLIST_FILE = YES;
				INFOPLIST_KEY_NSLocationWhenInUseUsageDescription = "We need your location to give recommendations based on the current weather!";
				INFOPLIST_KEY_UIApplicationSceneManifest_Generation = YES;
				INFOPLIST_KEY_UIApplicationSupportsIndirectInputEvents = YES;
				INFOPLIST_KEY_UILaunchScreen_Generation = YES;
				INFOPLIST_KEY_UISupportedInterfaceOrientations_iPad = "UIInterfaceOrientationPortrait UIInterfaceOrientationPortraitUpsideDown UIInterfaceOrientationLandscapeLeft UIInterfaceOrientationLandscapeRight";
				INFOPLIST_KEY_UISupportedInterfaceOrientations_iPhone = "UIInterfaceOrientationPortrait UIInterfaceOrientationLandscapeLeft UIInterfaceOrientationLandscapeRight";
				LD_RUNPATH_SEARCH_PATHS = (
					"$(inherited)",
					"@executable_path/Frameworks",
				);
				MARKETING_VERSION = 1.0;
				PRODUCT_BUNDLE_IDENTIFIER = kwk.WEAtheR;
				PRODUCT_NAME = "$(TARGET_NAME)";
				SWIFT_EMIT_LOC_STRINGS = YES;
				SWIFT_VERSION = 5.0;
				TARGETED_DEVICE_FAMILY = "1,2";
			};
			name = Debug;
		};
		BD60C13E2C2A0AD6000F53CC /* Release */ = {
			isa = XCBuildConfiguration;
			buildSettings = {
				ASSETCATALOG_COMPILER_APPICON_NAME = AppIcon;
				ASSETCATALOG_COMPILER_GLOBAL_ACCENT_COLOR_NAME = AccentColor;
				CODE_SIGN_STYLE = Automatic;
				CURRENT_PROJECT_VERSION = 1;
				DEVELOPMENT_ASSET_PATHS = "\"WEAtheR/Preview Content\"";
				ENABLE_PREVIEWS = YES;
				GENERATE_INFOPLIST_FILE = YES;
				INFOPLIST_KEY_NSLocationWhenInUseUsageDescription = "We need your location to give recommendations based on the current weather!";
				INFOPLIST_KEY_UIApplicationSceneManifest_Generation = YES;
				INFOPLIST_KEY_UIApplicationSupportsIndirectInputEvents = YES;
				INFOPLIST_KEY_UILaunchScreen_Generation = YES;
				INFOPLIST_KEY_UISupportedInterfaceOrientations_iPad = "UIInterfaceOrientationPortrait UIInterfaceOrientationPortraitUpsideDown UIInterfaceOrientationLandscapeLeft UIInterfaceOrientationLandscapeRight";
				INFOPLIST_KEY_UISupportedInterfaceOrientations_iPhone = "UIInterfaceOrientationPortrait UIInterfaceOrientationLandscapeLeft UIInterfaceOrientationLandscapeRight";
				LD_RUNPATH_SEARCH_PATHS = (
					"$(inherited)",
					"@executable_path/Frameworks",
				);
				MARKETING_VERSION = 1.0;
				PRODUCT_BUNDLE_IDENTIFIER = kwk.WEAtheR;
				PRODUCT_NAME = "$(TARGET_NAME)";
				SWIFT_EMIT_LOC_STRINGS = YES;
				SWIFT_VERSION = 5.0;
				TARGETED_DEVICE_FAMILY = "1,2";
			};
			name = Release;
		};
/* End XCBuildConfiguration section */

/* Begin XCConfigurationList section */
		BD60C1292C2A0AC9000F53CC /* Build configuration list for PBXProject "WEAtheR" */ = {
			isa = XCConfigurationList;
			buildConfigurations = (
				BD60C13A2C2A0AD6000F53CC /* Debug */,
				BD60C13B2C2A0AD6000F53CC /* Release */,
			);
			defaultConfigurationIsVisible = 0;
			defaultConfigurationName = Release;
		};
		BD60C13C2C2A0AD6000F53CC /* Build configuration list for PBXNativeTarget "WEAtheR" */ = {
			isa = XCConfigurationList;
			buildConfigurations = (
				BD60C13D2C2A0AD6000F53CC /* Debug */,
				BD60C13E2C2A0AD6000F53CC /* Release */,
			);
			defaultConfigurationIsVisible = 0;
			defaultConfigurationName = Release;
		};
/* End XCConfigurationList section */
	};
	rootObject = BD60C1262C2A0AC9000F53CC /* Project object */;
}
